
Microsoft Visual Studio Solution File, Format Version 12.00
# Visual Studio Version 17
VisualStudioVersion = 17.2.32602.215
MinimumVisualStudioVersion = 10.0.40219.1
Project("{FAE04EC0-301F-11D3-BF4B-00C04F79EFBC}") = "CStask03", "CStask03\CStask03.csproj", "{A0447D94-642C-43CC-B5F7-9B747A55DDB5}"
EndProject
Global
	GlobalSection(SolutionConfigurationPlatforms) = preSolution
		Debug|Any CPU = Debug|Any CPU
		Release|Any CPU = Release|Any CPU
	EndGlobalSection
	GlobalSection(ProjectConfigurationPlatforms) = postSolution
		{A0447D94-642C-43CC-B5F7-9B747A55DDB5}.Debug|Any CPU.ActiveCfg = Debug|Any CPU
		{A0447D94-642C-43CC-B5F7-9B747A55DDB5}.Debug|Any CPU.Build.0 = Debug|Any CPU
		{A0447D94-642C-43CC-B5F7-9B747A55DDB5}.Release|Any CPU.ActiveCfg = Release|Any CPU
		{A0447D94-642C-43CC-B5F7-9B747A55DDB5}.Release|Any CPU.Build.0 = Release|Any CPU
	EndGlobalSection
	GlobalSection(SolutionProperties) = preSolution
		HideSolutionNode = FALSE
	EndGlobalSection
	GlobalSection(ExtensibilityGlobals) = postSolution
		SolutionGuid = {E0FFFCF2-9950-4274-8E06-12B055ADFA53}
	EndGlobalSection
EndGlobal
